{
  "name": "@devozteam/devoz-shared-styles",
  "version": "1.0.0",
  "lockfileVersion": 2,
  "requires": true,
  "packages": {
    "": {
      "name": "@devozteam/devoz-shared-styles",
      "version": "1.0.0",
      "license": "ISC",
      "dependencies": {
        "@devozteam/devoz-shared-styles": "^1.0.0"
      }
    },
    "node_modules/@devozteam/devoz-shared-styles": {
      "version": "1.0.0",
      "resolved": "https://npm.pkg.github.com/download/@devozteam/devoz-shared-styles/1.0.0/f6075bcdd2ded65362198829a3e2f0ee4c619b9e",
      "integrity": "sha512-fdcMcH7GAnyO4x+0Hp/3hm9BvJWTP8Sc+lbt+jDoodLcFHWQfScba2SOU1DND6cjXKO0BfFgnt8D3BnTla96QA==",
      "license": "ISC"
    }
  },
  "dependencies": {
    "@devozteam/devoz-shared-styles": {
      "version": "1.0.0",
      "resolved": "https://npm.pkg.github.com/download/@devozteam/devoz-shared-styles/1.0.0/f6075bcdd2ded65362198829a3e2f0ee4c619b9e",
      "integrity": "sha512-fdcMcH7GAnyO4x+0Hp/3hm9BvJWTP8Sc+lbt+jDoodLcFHWQfScba2SOU1DND6cjXKO0BfFgnt8D3BnTla96QA=="
    }
  }
}
